# THIS IS AN AUTOGENERATED FILE. DO NOT EDIT THIS FILE DIRECTLY.
# yarn lockfile v1


stickybits@^3.6.1:
  version "3.6.1"
  resolved "https://registry.yarnpkg.com/stickybits/-/stickybits-3.6.1.tgz#270fa4d0fb34691e356a6c0a16dd5a8f3bbac4fe"
  integrity sha512-8T+513bEHJs5MYoqN1UUnWBkNwGk0brvUzuQZZSAasWqkLWf7g3lWfJSDpRVNQ1czj/2ijIpDKPuigjkvKzA5g==

waypoints@^4.0.1:
  version "4.0.1"
  resolved "https://registry.yarnpkg.com/waypoints/-/waypoints-4.0.1.tgz#09979a0573810b29627cba4366a284a062ec69c8"
  integrity sha1-CZeaBXOBCylifLpDZqKEoGLsacg=
